
Microsoft Visual Studio Solution File, Format Version 12.00
# Visual Studio 15
VisualStudioVersion = 15.0.28307.421
MinimumVisualStudioVersion = 10.0.40219.1
Project("{FAE04EC0-301F-11D3-BF4B-00C04F79EFBC}") = "FillArea", "FillArea\FillArea.csproj", "{D100DF01-8367-44B7-9B80-5E611A3834C8}"
EndProject
Global
	GlobalSection(SolutionConfigurationPlatforms) = preSolution
		Debug|Any CPU = Debug|Any CPU
		Release|Any CPU = Release|Any CPU
	EndGlobalSection
	GlobalSection(ProjectConfigurationPlatforms) = postSolution
		{D100DF01-8367-44B7-9B80-5E611A3834C8}.Debug|Any CPU.ActiveCfg = Debug|Any CPU
		{D100DF01-8367-44B7-9B80-5E611A3834C8}.Debug|Any CPU.Build.0 = Debug|Any CPU
		{D100DF01-8367-44B7-9B80-5E611A3834C8}.Release|Any CPU.ActiveCfg = Release|Any CPU
		{D100DF01-8367-44B7-9B80-5E611A3834C8}.Release|Any CPU.Build.0 = Release|Any CPU
	EndGlobalSection
	GlobalSection(SolutionProperties) = preSolution
		HideSolutionNode = FALSE
	EndGlobalSection
	GlobalSection(ExtensibilityGlobals) = postSolution
		SolutionGuid = {AEF9FD32-91D9-4CB7-B7D4-E5B79F9D36CD}
	EndGlobalSection
EndGlobal
